
Microsoft Visual Studio Solution File, Format Version 12.00
# Visual Studio Version 17
VisualStudioVersion = 17.0.31903.59
MinimumVisualStudioVersion = 10.0.40219.1
Project("{FAE04EC0-301F-11D3-BF4B-00C04F79EFBC}") = "HealthcareBillingSystem.Domain", "Domain\HealthcareBillingSystem.Domain.csproj", "{7F5A3F3B-9423-4A00-8C22-116B2AFD56DE}"
EndProject
Project("{FAE04EC0-301F-11D3-BF4B-00C04F79EFBC}") = "HealthcareBillingSystem.Application", "Application\HealthcareBillingSystem.Application.csproj", "{0558A021-3722-489B-AF73-438D83C8AD13}"
EndProject
Project("{FAE04EC0-301F-11D3-BF4B-00C04F79EFBC}") = "HealthcareBillingSystem.Infrastructure", "Infrastructure\HealthcareBillingSystem.Infrastructure.csproj", "{0FBEDA3D-306E-45D6-9CF6-DF94624282C0}"
EndProject
Project("{FAE04EC0-301F-11D3-BF4B-00C04F79EFBC}") = "HealthcareBillingSystem.Presentation", "Presentation\HealthcareBillingSystem.Presentation.csproj", "{3CF0A24F-28DA-462B-970F-D568821B6FD5}"
EndProject
Project("{FAE04EC0-301F-11D3-BF4B-00C04F79EFBC}") = "HealthcareBillingSystem.API", "API\HealthcareBillingSystem.API.csproj", "{F6326A95-55D5-47E4-AAF8-26A0BEC31BE2}"
EndProject
Global
	GlobalSection(SolutionConfigurationPlatforms) = preSolution
		Debug|Any CPU = Debug|Any CPU
		Release|Any CPU = Release|Any CPU
	EndGlobalSection
	GlobalSection(SolutionProperties) = preSolution
		HideSolutionNode = FALSE
	EndGlobalSection
	GlobalSection(ProjectConfigurationPlatforms) = postSolution
		{7F5A3F3B-9423-4A00-8C22-116B2AFD56DE}.Debug|Any CPU.ActiveCfg = Debug|Any CPU
		{7F5A3F3B-9423-4A00-8C22-116B2AFD56DE}.Debug|Any CPU.Build.0 = Debug|Any CPU
		{7F5A3F3B-9423-4A00-8C22-116B2AFD56DE}.Release|Any CPU.ActiveCfg = Release|Any CPU
		{7F5A3F3B-9423-4A00-8C22-116B2AFD56DE}.Release|Any CPU.Build.0 = Release|Any CPU
		{0558A021-3722-489B-AF73-438D83C8AD13}.Debug|Any CPU.ActiveCfg = Debug|Any CPU
		{0558A021-3722-489B-AF73-438D83C8AD13}.Debug|Any CPU.Build.0 = Debug|Any CPU
		{0558A021-3722-489B-AF73-438D83C8AD13}.Release|Any CPU.ActiveCfg = Release|Any CPU
		{0558A021-3722-489B-AF73-438D83C8AD13}.Release|Any CPU.Build.0 = Release|Any CPU
		{0FBEDA3D-306E-45D6-9CF6-DF94624282C0}.Debug|Any CPU.ActiveCfg = Debug|Any CPU
		{0FBEDA3D-306E-45D6-9CF6-DF94624282C0}.Debug|Any CPU.Build.0 = Debug|Any CPU
		{0FBEDA3D-306E-45D6-9CF6-DF94624282C0}.Release|Any CPU.ActiveCfg = Release|Any CPU
		{0FBEDA3D-306E-45D6-9CF6-DF94624282C0}.Release|Any CPU.Build.0 = Release|Any CPU
		{3CF0A24F-28DA-462B-970F-D568821B6FD5}.Debug|Any CPU.ActiveCfg = Debug|Any CPU
		{3CF0A24F-28DA-462B-970F-D568821B6FD5}.Debug|Any CPU.Build.0 = Debug|Any CPU
		{3CF0A24F-28DA-462B-970F-D568821B6FD5}.Release|Any CPU.ActiveCfg = Release|Any CPU
		{3CF0A24F-28DA-462B-970F-D568821B6FD5}.Release|Any CPU.Build.0 = Release|Any CPU
		{F6326A95-55D5-47E4-AAF8-26A0BEC31BE2}.Debug|Any CPU.ActiveCfg = Debug|Any CPU
		{F6326A95-55D5-47E4-AAF8-26A0BEC31BE2}.Debug|Any CPU.Build.0 = Debug|Any CPU
		{F6326A95-55D5-47E4-AAF8-26A0BEC31BE2}.Release|Any CPU.ActiveCfg = Release|Any CPU
		{F6326A95-55D5-47E4-AAF8-26A0BEC31BE2}.Release|Any CPU.Build.0 = Release|Any CPU
	EndGlobalSection
EndGlobal
